
Microsoft Visual Studio Solution File, Format Version 12.00
# Visual Studio Version 17
VisualStudioVersion = 17.8.34525.116
MinimumVisualStudioVersion = 10.0.40219.1
Project("{FAE04EC0-301F-11D3-BF4B-00C04F79EFBC}") = "EjercicioPolimorfismo", "EjercicioPolimorfismo.csproj", "{107E4C9C-92E4-452C-80ED-10790225CB1B}"
EndProject
Global
	GlobalSection(SolutionConfigurationPlatforms) = preSolution
		Debug|Any CPU = Debug|Any CPU
		Release|Any CPU = Release|Any CPU
	EndGlobalSection
	GlobalSection(ProjectConfigurationPlatforms) = postSolution
		{107E4C9C-92E4-452C-80ED-10790225CB1B}.Debug|Any CPU.ActiveCfg = Debug|Any CPU
		{107E4C9C-92E4-452C-80ED-10790225CB1B}.Debug|Any CPU.Build.0 = Debug|Any CPU
		{107E4C9C-92E4-452C-80ED-10790225CB1B}.Release|Any CPU.ActiveCfg = Release|Any CPU
		{107E4C9C-92E4-452C-80ED-10790225CB1B}.Release|Any CPU.Build.0 = Release|Any CPU
	EndGlobalSection
	GlobalSection(SolutionProperties) = preSolution
		HideSolutionNode = FALSE
	EndGlobalSection
	GlobalSection(ExtensibilityGlobals) = postSolution
		SolutionGuid = {7B53435F-6A6B-4C59-BC78-50011B2183AF}
	EndGlobalSection
EndGlobal
